{
  "name": "dip-root",
  "version": "1.0.0",
  "lockfileVersion": 2,
  "requires": true,
  "packages": {
    "": {
      "name": "dip-root",
      "version": "1.0.0",
      "license": "ISC",
      "dependencies": {
        "@fortawesome/fontawesome-svg-core": "^6.2.0"
      }
    }
  },
  "dependencies": {}
}
